
Microsoft Visual Studio Solution File, Format Version 12.00
# Visual Studio Version 17
VisualStudioVersion = 17.5.002.0
MinimumVisualStudioVersion = 10.0.40219.1
Project("{9A19103F-16F7-4668-BE54-9A1E7A4F7556}") = "MyConsoleApp", "MyConsoleApp.csproj", "{B5673B52-88D0-41B6-9676-7F725CA1AFD0}"
EndProject
Global
	GlobalSection(SolutionConfigurationPlatforms) = preSolution
		Debug|Any CPU = Debug|Any CPU
		Release|Any CPU = Release|Any CPU
	EndGlobalSection
	GlobalSection(ProjectConfigurationPlatforms) = postSolution
		{B5673B52-88D0-41B6-9676-7F725CA1AFD0}.Debug|Any CPU.ActiveCfg = Debug|Any CPU
		{B5673B52-88D0-41B6-9676-7F725CA1AFD0}.Debug|Any CPU.Build.0 = Debug|Any CPU
		{B5673B52-88D0-41B6-9676-7F725CA1AFD0}.Release|Any CPU.ActiveCfg = Release|Any CPU
		{B5673B52-88D0-41B6-9676-7F725CA1AFD0}.Release|Any CPU.Build.0 = Release|Any CPU
	EndGlobalSection
	GlobalSection(SolutionProperties) = preSolution
		HideSolutionNode = FALSE
	EndGlobalSection
	GlobalSection(ExtensibilityGlobals) = postSolution
		SolutionGuid = {7555112B-657F-4A0C-B3F0-7082E6FAD881}
	EndGlobalSection
EndGlobal
